
Microsoft Visual Studio Solution File, Format Version 12.00
# Visual Studio Version 16
VisualStudioVersion = 16.0.32802.440
MinimumVisualStudioVersion = 10.0.40219.1
Project("{FAE04EC0-301F-11D3-BF4B-00C04F79EFBC}") = "Mini-Max_Sum", "Mini-Max_Sum.csproj", "{A1FC442A-C71F-49CE-92E8-AC6899A07106}"
EndProject
Global
	GlobalSection(SolutionConfigurationPlatforms) = preSolution
		Debug|Any CPU = Debug|Any CPU
		Release|Any CPU = Release|Any CPU
	EndGlobalSection
	GlobalSection(ProjectConfigurationPlatforms) = postSolution
		{A1FC442A-C71F-49CE-92E8-AC6899A07106}.Debug|Any CPU.ActiveCfg = Debug|Any CPU
		{A1FC442A-C71F-49CE-92E8-AC6899A07106}.Debug|Any CPU.Build.0 = Debug|Any CPU
		{A1FC442A-C71F-49CE-92E8-AC6899A07106}.Release|Any CPU.ActiveCfg = Release|Any CPU
		{A1FC442A-C71F-49CE-92E8-AC6899A07106}.Release|Any CPU.Build.0 = Release|Any CPU
	EndGlobalSection
	GlobalSection(SolutionProperties) = preSolution
		HideSolutionNode = FALSE
	EndGlobalSection
	GlobalSection(ExtensibilityGlobals) = postSolution
		SolutionGuid = {080C9F01-F5CE-4912-8237-9B6E3D4A8684}
	EndGlobalSection
EndGlobal
