
Microsoft Visual Studio Solution File, Format Version 12.00
# Visual Studio Version 16
VisualStudioVersion = 16.0.32802.440
MinimumVisualStudioVersion = 10.0.40219.1
Project("{FAE04EC0-301F-11D3-BF4B-00C04F79EFBC}") = "LonelyInt", "LonelyInt.csproj", "{72D9470A-4A2F-48D7-99F3-C1F63C457D60}"
EndProject
Global
	GlobalSection(SolutionConfigurationPlatforms) = preSolution
		Debug|Any CPU = Debug|Any CPU
		Release|Any CPU = Release|Any CPU
	EndGlobalSection
	GlobalSection(ProjectConfigurationPlatforms) = postSolution
		{72D9470A-4A2F-48D7-99F3-C1F63C457D60}.Debug|Any CPU.ActiveCfg = Debug|Any CPU
		{72D9470A-4A2F-48D7-99F3-C1F63C457D60}.Debug|Any CPU.Build.0 = Debug|Any CPU
		{72D9470A-4A2F-48D7-99F3-C1F63C457D60}.Release|Any CPU.ActiveCfg = Release|Any CPU
		{72D9470A-4A2F-48D7-99F3-C1F63C457D60}.Release|Any CPU.Build.0 = Release|Any CPU
	EndGlobalSection
	GlobalSection(SolutionProperties) = preSolution
		HideSolutionNode = FALSE
	EndGlobalSection
	GlobalSection(ExtensibilityGlobals) = postSolution
		SolutionGuid = {B14B9306-0599-4EA8-8DB1-CF7AEE5DFF66}
	EndGlobalSection
EndGlobal
