
Microsoft Visual Studio Solution File, Format Version 12.00
# Visual Studio Version 16
VisualStudioVersion = 16.0.32802.440
MinimumVisualStudioVersion = 10.0.40219.1
Project("{FAE04EC0-301F-11D3-BF4B-00C04F79EFBC}") = "Caesar'sCipher", "Caesar'sCipher.csproj", "{A468EB09-9020-4159-ABBB-BED7909B3DBE}"
EndProject
Global
	GlobalSection(SolutionConfigurationPlatforms) = preSolution
		Debug|Any CPU = Debug|Any CPU
		Release|Any CPU = Release|Any CPU
	EndGlobalSection
	GlobalSection(ProjectConfigurationPlatforms) = postSolution
		{A468EB09-9020-4159-ABBB-BED7909B3DBE}.Debug|Any CPU.ActiveCfg = Debug|Any CPU
		{A468EB09-9020-4159-ABBB-BED7909B3DBE}.Debug|Any CPU.Build.0 = Debug|Any CPU
		{A468EB09-9020-4159-ABBB-BED7909B3DBE}.Release|Any CPU.ActiveCfg = Release|Any CPU
		{A468EB09-9020-4159-ABBB-BED7909B3DBE}.Release|Any CPU.Build.0 = Release|Any CPU
	EndGlobalSection
	GlobalSection(SolutionProperties) = preSolution
		HideSolutionNode = FALSE
	EndGlobalSection
	GlobalSection(ExtensibilityGlobals) = postSolution
		SolutionGuid = {0908161F-A960-4F4F-A52B-5CC5FED6C930}
	EndGlobalSection
EndGlobal
